{
  "version": 4,
  "terraform_version": "1.1.8",
  "serial": 3,
  "lineage": "f435eb4b-326a-c2dc-3f3c-96c74eca206b",
  "outputs": {},
  "resources": [
    {
      "mode": "managed",
      "type": "aws_security_group",
      "name": "aws-demo-security-group",
      "provider": "provider[\"registry.terraform.io/hashicorp/aws\"]",
      "instances": [
        {
          "schema_version": 1,
          "attributes": {
            "arn": "arn:aws:ec2:us-east-2:941327244892:security-group/sg-047e597c0011a8a2f",
            "description": "Managed by Terraform",
            "egress": [
              {
                "cidr_blocks": [
                  "0.0.0.0/0"
                ],
                "description": "",
                "from_port": 0,
                "ipv6_cidr_blocks": [],
                "prefix_list_ids": [],
                "protocol": "-1",
                "security_groups": [],
                "self": false,
                "to_port": 0
              }
            ],
            "id": "sg-047e597c0011a8a2f",
            "ingress": [
              {
                "cidr_blocks": [
                  "0.0.0.0/0"
                ],
                "description": "",
                "from_port": 0,
                "ipv6_cidr_blocks": [],
                "prefix_list_ids": [],
                "protocol": "-1",
                "security_groups": [],
                "self": false,
                "to_port": 0
              }
            ],
            "name": "garynation-aws-demo",
            "name_prefix": "",
            "owner_id": "941327244892",
            "revoke_rules_on_delete": false,
            "tags": {
              "Name": "garynation-aws-demo"
            },
            "tags_all": {
              "Name": "garynation-aws-demo"
            },
            "timeouts": null,
            "vpc_id": "vpc-0af35e0719ea917f1"
          },
          "sensitive_attributes": [],
          "private": "eyJlMmJmYjczMC1lY2FhLTExZTYtOGY4OC0zNDM2M2JjN2M0YzAiOnsiY3JlYXRlIjo2MDAwMDAwMDAwMDAsImRlbGV0ZSI6OTAwMDAwMDAwMDAwfSwic2NoZW1hX3ZlcnNpb24iOiIxIn0=",
          "dependencies": [
            "aws_vpc.aws-demo"
          ]
        }
      ]
    },
    {
      "mode": "managed",
      "type": "aws_vpc",
      "name": "aws-demo",
      "provider": "provider[\"registry.terraform.io/hashicorp/aws\"]",
      "instances": [
        {
          "schema_version": 1,
          "attributes": {
            "arn": "arn:aws:ec2:us-east-2:941327244892:vpc/vpc-0af35e0719ea917f1",
            "assign_generated_ipv6_cidr_block": false,
            "cidr_block": "10.0.0.0/16",
            "default_network_acl_id": "acl-0171231f3197117ba",
            "default_route_table_id": "rtb-09d4166bfaf9cf82d",
            "default_security_group_id": "sg-0dee1dbbb242e9eec",
            "dhcp_options_id": "dopt-2f9af444",
            "enable_classiclink": null,
            "enable_classiclink_dns_support": null,
            "enable_dns_hostnames": false,
            "enable_dns_support": true,
            "id": "vpc-0af35e0719ea917f1",
            "instance_tenancy": "default",
            "ipv6_association_id": "",
            "ipv6_cidr_block": "",
            "main_route_table_id": "rtb-09d4166bfaf9cf82d",
            "owner_id": "941327244892",
            "tags": {
              "Name": "garynation-aws-demo"
            },
            "tags_all": {
              "Name": "garynation-aws-demo"
            }
          },
          "sensitive_attributes": [],
          "private": "eyJzY2hlbWFfdmVyc2lvbiI6IjEifQ=="
        }
      ]
    }
  ]
}
